
Microsoft Visual Studio Solution File, Format Version 12.00
# Visual Studio 15
Project("{FAE04EC0-301F-11D3-BF4B-00C04F79EFBC}") = "Assembly-CSharp", "Assembly-CSharp.csproj", "{F80768F5-4F71-474D-287A-2BFE161E0A37}"
EndProject
Global
	GlobalSection(SolutionConfigurationPlatforms) = preSolution
		Debug|Any CPU = Debug|Any CPU
		Release|Any CPU = Release|Any CPU
	EndGlobalSection
	GlobalSection(ProjectConfigurationPlatforms) = postSolution
		{F80768F5-4F71-474D-287A-2BFE161E0A37}.Debug|Any CPU.ActiveCfg = Debug|Any CPU
		{F80768F5-4F71-474D-287A-2BFE161E0A37}.Debug|Any CPU.Build.0 = Debug|Any CPU
		{F80768F5-4F71-474D-287A-2BFE161E0A37}.Release|Any CPU.ActiveCfg = Release|Any CPU
		{F80768F5-4F71-474D-287A-2BFE161E0A37}.Release|Any CPU.Build.0 = Release|Any CPU
	EndGlobalSection
	GlobalSection(SolutionProperties) = preSolution
		HideSolutionNode = FALSE
	EndGlobalSection
EndGlobal
